
Microsoft Visual Studio Solution File, Format Version 12.00
# Visual Studio Version 16
VisualStudioVersion = 16.0.31624.102
MinimumVisualStudioVersion = 10.0.40219.1
Project("{FAE04EC0-301F-11D3-BF4B-00C04F79EFBC}") = "parking", "parking.csproj", "{806FF02C-82AE-4075-B643-F1B673E3B08B}"
EndProject
Global
	GlobalSection(SolutionConfigurationPlatforms) = preSolution
		Debug|Any CPU = Debug|Any CPU
		Release|Any CPU = Release|Any CPU
	EndGlobalSection
	GlobalSection(ProjectConfigurationPlatforms) = postSolution
		{806FF02C-82AE-4075-B643-F1B673E3B08B}.Debug|Any CPU.ActiveCfg = Debug|Any CPU
		{806FF02C-82AE-4075-B643-F1B673E3B08B}.Debug|Any CPU.Build.0 = Debug|Any CPU
		{806FF02C-82AE-4075-B643-F1B673E3B08B}.Release|Any CPU.ActiveCfg = Release|Any CPU
		{806FF02C-82AE-4075-B643-F1B673E3B08B}.Release|Any CPU.Build.0 = Release|Any CPU
	EndGlobalSection
	GlobalSection(SolutionProperties) = preSolution
		HideSolutionNode = FALSE
	EndGlobalSection
	GlobalSection(ExtensibilityGlobals) = postSolution
		SolutionGuid = {1F40B552-8B27-47FB-8800-A445FA64CDE0}
	EndGlobalSection
EndGlobal
